<?xml version="1.0" encoding="utf-8"?>
<Project ToolsVersion="4.0" xmlns="http://schemas.microsoft.com/developer/msbuild/2003">
  <ItemGroup>
    <Filter Include="Header Files">
      <UniqueIdentifier>{9eb7e7af-bd15-45a4-9118-700e306d6250}</UniqueIdentifier>
    </Filter>
    <Filter Include="Header Files\ProtoBuf">
      <UniqueIdentifier>{4e9a2bce-edb7-41c9-8bad-4af347da1877}</UniqueIdentifier>
    </Filter>
    <Filter Include="Source Files">
      <UniqueIdentifier>{444d1a23-9069-4296-9a2e-f939110f523c}</UniqueIdentifier>
    </Filter>
    <Filter Include="Source Files\ProtoBuf">
      <UniqueIdentifier>{70c1280a-cbec-4ca7-af66-bfefc8e328f2}</UniqueIdentifier>
    </Filter>
    <Filter Include="Header Files\QueryEngine">
      <UniqueIdentifier>{2448cbe5-003b-4c2c-a856-bf54e406148f}</UniqueIdentifier>
    </Filter>
    <Filter Include="Header Files\QueryEngine\GPUCore">
      <UniqueIdentifier>{29f65e6d-cd7b-46b4-8982-1a2fefa07ab7}</UniqueIdentifier>
    </Filter>
  </ItemGroup>
  <ItemGroup>
    <ClInclude Include="BlockBase.h">
      <Filter>Header Files</Filter>
    </ClInclude>
    <ClInclude Include="ColumnBase.h">
      <Filter>Header Files</Filter>
    </ClInclude>
    <ClInclude Include="ComplexPolygonFactory.h">
      <Filter>Header Files</Filter>
    </ClInclude>
    <ClInclude Include="NativeGeoPoint.h">
      <Filter>Header Files</Filter>
    </ClInclude>
    <ClInclude Include="PointFactory.h">
      <Filter>Header Files</Filter>
    </ClInclude>
    <ClInclude Include="messages\CSVImportMessage.pb.h">
      <Filter>Header Files\ProtoBuf</Filter>
    </ClInclude>
    <ClInclude Include="messages\InfoMessage.pb.h">
      <Filter>Header Files\ProtoBuf</Filter>
    </ClInclude>
    <ClInclude Include="messages\QueryMessage.pb.h">
      <Filter>Header Files\ProtoBuf</Filter>
    </ClInclude>
    <ClInclude Include="messages\QueryResponseMessage.pb.h">
      <Filter>Header Files\ProtoBuf</Filter>
    </ClInclude>
    <ClInclude Include="messages\SetDatabaseMessage.pb.h">
      <Filter>Header Files\ProtoBuf</Filter>
    </ClInclude>
    <ClInclude Include="Types\ComplexPolygon.pb.h">
      <Filter>Header Files\ProtoBuf</Filter>
    </ClInclude>
    <ClInclude Include="Types\Point.pb.h">
      <Filter>Header Files\ProtoBuf</Filter>
    </ClInclude>
    <ClInclude Include="QueryEngine\GPUCore\GPUAggregation.cuh">
      <Filter>Header Files\QueryEngine\GPUCore</Filter>
    </ClInclude>
    <ClInclude Include="QueryEngine\GPUCore\GPUArithmetic.cuh">
      <Filter>Header Files\QueryEngine\GPUCore</Filter>
    </ClInclude>
    <ClInclude Include="QueryEngine\GPUCore\GPUGroupBy.cuh">
      <Filter>Header Files\QueryEngine\GPUCore</Filter>
    </ClInclude>
    <ClInclude Include="QueryEngine\GPUCore\GPULogic.cuh">
      <Filter>Header Files\QueryEngine\GPUCore</Filter>
    </ClInclude>
    <ClInclude Include="QueryEngine\GPUCore\GPUMemory.cuh">
      <Filter>Header Files\QueryEngine\GPUCore</Filter>
    </ClInclude>
    <ClInclude Include="QueryEngine\GPUCore\GPUPolygon.cuh">
      <Filter>Header Files\QueryEngine\GPUCore</Filter>
    </ClInclude>
    <ClInclude Include="QueryEngine\GPUCore\GPUReconstruct.cuh">
      <Filter>Header Files\QueryEngine\GPUCore</Filter>
    </ClInclude>
    <ClInclude Include="QueryEngine\GPUCore\GPUFilter.cuh">
      <Filter>Header Files\QueryEngine\GPUCore</Filter>
    </ClInclude>
    <ClInclude Include="QueryEngine\GPUCore\GPUTypeWidthManip.cuh">
      <Filter>Header Files\QueryEngine\GPUCore</Filter>
    </ClInclude>
    <ClInclude Include="QueryEngine\QueryEngineError.h">
      <Filter>Header Files\QueryEngine</Filter>
    </ClInclude>
    <ClInclude Include="QueryEngine\Context.h">
      <Filter>Header Files\QueryEngine</Filter>
    </ClInclude>
    <ClInclude Include="QueryEngine\CudaMemAllocator.h">
      <Filter>Header Files\QueryEngine</Filter>
    </ClInclude>
    <ClInclude Include="IColumn.h">
      <Filter>Header Files</Filter>
    </ClInclude>
    <ClInclude Include="Table.h">
      <Filter>Header Files</Filter>
    </ClInclude>
    <ClInclude Include="DataType.h">
      <Filter>Header Files</Filter>
    </ClInclude>
    <ClInclude Include="DatabaseGenerator.h">
      <Filter>Header Files</Filter>
    </ClInclude>
    <ClInclude Include="Database.h">
      <Filter>Header Files</Filter>
    </ClInclude>
    <ClInclude Include="Configuration.h">
      <Filter>Header Files</Filter>
    </ClInclude>
    <ClInclude Include="GpuSqlParser\GpuSqlCustomParser.h">
      <Filter>Header Files</Filter>
    </ClInclude>
    <ClInclude Include="GpuSqlParser\GpuSqlLexer.h">
      <Filter>Header Files</Filter>
    </ClInclude>
    <ClInclude Include="GpuSqlParser\GpuSqlListener.h">
      <Filter>Header Files</Filter>
    </ClInclude>
    <ClInclude Include="GpuSqlParser\GpuSqlParser.h">
      <Filter>Header Files</Filter>
    </ClInclude>
    <ClInclude Include="GpuSqlParser\GpuSqlParserBaseListener.h">
      <Filter>Header Files</Filter>
    </ClInclude>
    <ClInclude Include="GpuSqlParser\GpuSqlParserListener.h">
      <Filter>Header Files</Filter>
    </ClInclude>
    <ClInclude Include="GpuSqlParser\MemoryStream.h">
      <Filter>Header Files</Filter>
    </ClInclude>
    <ClInclude Include="GpuSqlParser\ParserExceptions.h">
      <Filter>Header Files</Filter>
    </ClInclude>
    <ClInclude Include="GpuSqlParser\QueryType.h">
      <Filter>Header Files</Filter>
    </ClInclude>
    <ClInclude Include="Configuration.h" />
    <ClInclude Include="DataType.h" />
    <ClInclude Include="GpuSqlParser\GpuSqlDispatcher.h">
      <Filter>Header Files</Filter>
    </ClInclude>
    <ClInclude Include="DispatcherErrorCode.h">
      <Filter>Header Files</Filter>
    </ClInclude>
    <ClInclude Include="ErrorFlagSwapper.h">
      <Filter>Header Files\QueryEngine\GPUCore</Filter>
    </ClInclude>
  </ItemGroup>
  <ItemGroup>
    <ClCompile Include="ComplexPolygonFactory.cpp">
      <Filter>Source Files</Filter>
    </ClCompile>
    <ClCompile Include="PointFactory.cpp">
      <Filter>Source Files</Filter>
    </ClCompile>
    <ClCompile Include="messages\CSVImportMessage.pb.cc">
      <Filter>Source Files\ProtoBuf</Filter>
    </ClCompile>
    <ClCompile Include="messages\InfoMessage.pb.cc">
      <Filter>Source Files\ProtoBuf</Filter>
    </ClCompile>
    <ClCompile Include="messages\QueryMessage.pb.cc">
      <Filter>Source Files\ProtoBuf</Filter>
    </ClCompile>
    <ClCompile Include="messages\QueryResponseMessage.pb.cc">
      <Filter>Source Files\ProtoBuf</Filter>
    </ClCompile>
    <ClCompile Include="messages\SetDatabaseMessage.pb.cc">
      <Filter>Source Files\ProtoBuf</Filter>
    </ClCompile>
    <ClCompile Include="Types\ComplexPolygon.pb.cc">
      <Filter>Source Files\ProtoBuf</Filter>
    </ClCompile>
    <ClCompile Include="Types\Point.pb.cc">
      <Filter>Source Files\ProtoBuf</Filter>
    </ClCompile>
    <ClCompile Include="Table.cpp">
      <Filter>Source Files</Filter>
    </ClCompile>
    <ClCompile Include="DatabaseGenerator.cpp">
      <Filter>Source Files</Filter>
    </ClCompile>
    <ClCompile Include="Database.cpp">
      <Filter>Source Files</Filter>
    </ClCompile>
    <ClCompile Include="Configuration.cpp">
      <Filter>Source Files</Filter>
    </ClCompile>
    <ClCompile Include="main.cpp" />
    <ClCompile Include="GpuSqlParser\GpuSqlLexer.cpp">
      <Filter>Source Files</Filter>
    </ClCompile>
    <ClCompile Include="GpuSqlParser\GpuSqlParserBaseListener.cpp">
      <Filter>Source Files</Filter>
    </ClCompile>
    <ClCompile Include="GpuSqlParser\GpuSqlParserListener.cpp">
      <Filter>Source Files</Filter>
    </ClCompile>
    <ClCompile Include="GpuSqlParser\MemoryStream.cpp">
      <Filter>Source Files</Filter>
    </ClCompile>
    <ClCompile Include="BlockBase.cpp">
      <Filter>Source Files</Filter>
    </ClCompile>
    <ClCompile Include="GpuSqlParser\GpuSqlParser.cpp">
      <Filter>Source Files</Filter>
    </ClCompile>
  </ItemGroup>
  <ItemGroup>
    <CudaCompile Include="QueryEngine\CudaMemAllocator.cu">
      <Filter>Header Files\QueryEngine</Filter>
    </CudaCompile>
    <ClCompile Include="ColumnBase.cpp">
      <Filter>Source Files</Filter>
    </ClCompile>
    <CudaCompile Include="GpuSqlParser\GpuSqlDispatcher.cpp">
      <Filter>Source Files</Filter>
    </CudaCompile>
    <CudaCompile Include="GpuSqlParser\GpuSqlCustomParser.cpp">
      <Filter>Source Files</Filter>
    </CudaCompile>
    <CudaCompile Include="GpuSqlParser\GpuSqlListener.cpp">
      <Filter>Source Files</Filter>
    </CudaCompile>
  </ItemGroup>
</Project>