<?xml version="1.0" encoding="utf-8"?>
<Project ToolsVersion="4.0" xmlns="http://schemas.microsoft.com/developer/msbuild/2003">
  <ItemGroup>
    <CudaCompile Include="GpuSqlParser\GpuSqlDispatcher.cpp" />
    <CudaCompile Include="QueryEngine\CudaMemAllocator.cu" />
  </ItemGroup>
  <ItemGroup>
    <ClCompile Include="BlockBase.cpp" />
    <ClCompile Include="ColumnBase.cpp" />
    <ClCompile Include="ComplexPolygonFactory.cpp" />
    <ClCompile Include="Configuration.cpp" />
    <ClCompile Include="CSVDataImporter.cpp" />
    <ClCompile Include="Database.cpp" />
    <ClCompile Include="DatabaseGenerator.cpp" />
    <ClCompile Include="GpuSqlParser\GpuSqlCustomParser.cpp" />
    <ClCompile Include="GpuSqlParser\GpuSqlLexer.cpp" />
    <ClCompile Include="GpuSqlParser\GpuSqlListener.cpp" />
    <ClCompile Include="GpuSqlParser\GpuSqlParser.cpp" />
    <ClCompile Include="GpuSqlParser\GpuSqlParserBaseListener.cpp" />
    <ClCompile Include="GpuSqlParser\GpuSqlParserListener.cpp" />
    <ClCompile Include="GpuSqlParser\MemoryStream.cpp" />
    <ClCompile Include="main.cpp" />
    <ClCompile Include="messages\CSVImportMessage.pb.cc" />
    <ClCompile Include="messages\InfoMessage.pb.cc" />
    <ClCompile Include="messages\QueryMessage.pb.cc" />
    <ClCompile Include="messages\QueryResponseMessage.pb.cc" />
    <ClCompile Include="messages\SetDatabaseMessage.pb.cc" />
    <ClCompile Include="PointFactory.cpp" />
    <ClCompile Include="Table.cpp" />
    <ClCompile Include="Types\ComplexPolygon.pb.cc" />
    <ClCompile Include="Types\Point.pb.cc" />
  </ItemGroup>
  <ItemGroup>
    <ClInclude Include="BlockBase.h" />
    <ClInclude Include="ColumnBase.h" />
    <ClInclude Include="Configuration.h" />
    <ClInclude Include="CSVDataImporter.h" />
    <ClInclude Include="DataType.h" />
    <ClInclude Include="ComplexPolygonFactory.h" />
    <ClInclude Include="Database.h" />
    <ClInclude Include="DatabaseGenerator.h" />
    <ClInclude Include="DispatcherErrorCode.h" />
    <ClInclude Include="GpuSqlParser\GpuSqlCustomParser.h" />
    <ClInclude Include="GpuSqlParser\GpuSqlDispatcher.h" />
    <ClInclude Include="GpuSqlParser\GpuSqlLexer.h" />
    <ClInclude Include="GpuSqlParser\GpuSqlListener.h" />
    <ClInclude Include="GpuSqlParser\GpuSqlParser.h" />
    <ClInclude Include="GpuSqlParser\GpuSqlParserBaseListener.h" />
    <ClInclude Include="GpuSqlParser\GpuSqlParserListener.h" />
    <ClInclude Include="GpuSqlParser\MemoryStream.h" />
    <ClInclude Include="GpuSqlParser\ParserExceptions.h" />
    <ClInclude Include="GpuSqlParser\QueryType.h" />
    <ClInclude Include="ErrorFlagSwapper.h" />
    <ClInclude Include="IColumn.h" />
    <ClInclude Include="messages\CSVImportMessage.pb.h" />
    <ClInclude Include="messages\InfoMessage.pb.h" />
    <ClInclude Include="messages\QueryMessage.pb.h" />
    <ClInclude Include="messages\QueryResponseMessage.pb.h" />
    <ClInclude Include="messages\SetDatabaseMessage.pb.h" />
    <ClInclude Include="NativeGeoPoint.h" />
    <ClInclude Include="PointFactory.h" />
    <ClInclude Include="QueryEngine\GPUCore\GPULogicConst.cuh" />
    <ClInclude Include="Table.h" />
    <ClInclude Include="QueryEngine\Context.h" />
    <ClInclude Include="QueryEngine\CudaMemAllocator.h" />
    <ClInclude Include="QueryEngine\GPUCore\GPUAggregation.cuh" />
    <ClInclude Include="QueryEngine\GPUCore\GPUArithmetic.cuh" />
    <ClInclude Include="QueryEngine\GPUCore\GPUFilter.cuh" />
    <ClInclude Include="QueryEngine\GPUCore\GPUGroupBy.cuh" />
    <ClInclude Include="QueryEngine\GPUCore\GPULogic.cuh" />
    <ClInclude Include="QueryEngine\GPUCore\GPUMemory.cuh" />
    <ClInclude Include="QueryEngine\GPUCore\GPUPolygon.cuh" />
    <ClInclude Include="QueryEngine\GPUCore\GPUReconstruct.cuh" />
    <ClInclude Include="QueryEngine\GPUCore\GPUTypeWidthManip.cuh" />
    <ClInclude Include="QueryEngine\QueryEngineError.h" />
    <ClInclude Include="Types\ComplexPolygon.pb.h" />
    <ClInclude Include="Types\Point.pb.h" />
  </ItemGroup>
</Project>