
Microsoft Visual Studio Solution File, Format Version 12.00
# Visual Studio 15
VisualStudioVersion = 15.0.28010.2036
MinimumVisualStudioVersion = 10.0.40219.1
Project("{8BC9CEB8-8B4A-11D0-8D11-00A0C91BC942}") = "dropdbase", "dropdbase\dropdbase.vcxproj", "{78530DEB-1D2B-461D-81C8-91CED350DFD5}"
EndProject
Project("{8BC9CEB8-8B4A-11D0-8D11-00A0C91BC942}") = "dropdbase_test", "dropdbase_test\dropdbase_test.vcxproj", "{542C3BD1-3696-47B5-A8A8-5F0F7CB34764}"
EndProject
Global
	GlobalSection(SolutionConfigurationPlatforms) = preSolution
		Debug|x64 = Debug|x64
		Debug|x86 = Debug|x86
		Release|x64 = Release|x64
		Release|x86 = Release|x86
	EndGlobalSection
	GlobalSection(ProjectConfigurationPlatforms) = postSolution
		{78530DEB-1D2B-461D-81C8-91CED350DFD5}.Debug|x64.ActiveCfg = Debug|x64
		{78530DEB-1D2B-461D-81C8-91CED350DFD5}.Debug|x64.Build.0 = Debug|x64
		{78530DEB-1D2B-461D-81C8-91CED350DFD5}.Debug|x86.ActiveCfg = Debug|x64
		{78530DEB-1D2B-461D-81C8-91CED350DFD5}.Release|x64.ActiveCfg = Release|x64
		{78530DEB-1D2B-461D-81C8-91CED350DFD5}.Release|x64.Build.0 = Release|x64
		{78530DEB-1D2B-461D-81C8-91CED350DFD5}.Release|x86.ActiveCfg = Release|x64
		{542C3BD1-3696-47B5-A8A8-5F0F7CB34764}.Debug|x64.ActiveCfg = Debug|x64
		{542C3BD1-3696-47B5-A8A8-5F0F7CB34764}.Debug|x64.Build.0 = Debug|x64
		{542C3BD1-3696-47B5-A8A8-5F0F7CB34764}.Debug|x86.ActiveCfg = Debug|Win32
		{542C3BD1-3696-47B5-A8A8-5F0F7CB34764}.Debug|x86.Build.0 = Debug|Win32
		{542C3BD1-3696-47B5-A8A8-5F0F7CB34764}.Release|x64.ActiveCfg = Release|x64
		{542C3BD1-3696-47B5-A8A8-5F0F7CB34764}.Release|x64.Build.0 = Release|x64
		{542C3BD1-3696-47B5-A8A8-5F0F7CB34764}.Release|x86.ActiveCfg = Release|Win32
		{542C3BD1-3696-47B5-A8A8-5F0F7CB34764}.Release|x86.Build.0 = Release|Win32
	EndGlobalSection
	GlobalSection(SolutionProperties) = preSolution
		HideSolutionNode = FALSE
	EndGlobalSection
	GlobalSection(ExtensibilityGlobals) = postSolution
		SolutionGuid = {3FFB2515-06DA-4385-B0F5-F13BAE6FFBFE}
	EndGlobalSection
EndGlobal
