<?xml version="1.0" encoding="utf-8"?>
<Project ToolsVersion="4.0" xmlns="http://schemas.microsoft.com/developer/msbuild/2003">
  <ItemGroup>
    <CudaCompile Include="..\dropdbase\GpuSqlParser\GpuSqlDispatcher.cpp" />
    <CudaCompile Include="CudaTests.cu" />
    <CudaCompile Include="..\dropdbase\QueryEngine\CudaMemAllocator.cu" />
  </ItemGroup>
  <ItemGroup>
    <ClCompile Include="..\dropdbase\ClientPoolWorker.cpp" />
    <ClCompile Include="..\dropdbase\BlockBase.cpp" />
    <ClCompile Include="..\dropdbase\ColumnBase.cpp" />
    <ClCompile Include="..\dropdbase\ComplexPolygonFactory.cpp" />
    <ClCompile Include="..\dropdbase\Configuration.cpp" />
    <ClCompile Include="..\dropdbase\CSVInMemoryImporter.cpp" />
    <ClCompile Include="..\dropdbase\Database.cpp" />
    <ClCompile Include="..\dropdbase\DatabaseGenerator.cpp" />
    <ClCompile Include="..\dropdbase\GpuSqlParser\GpuSqlCustomParser.cpp" />
    <ClCompile Include="..\dropdbase\GpuSqlParser\GpuSqlLexer.cpp" />
    <ClCompile Include="..\dropdbase\GpuSqlParser\GpuSqlListener.cpp" />
    <ClCompile Include="..\dropdbase\GpuSqlParser\GpuSqlParser.cpp" />
    <ClCompile Include="..\dropdbase\GpuSqlParser\GpuSqlParserBaseListener.cpp" />
    <ClCompile Include="..\dropdbase\GpuSqlParser\GpuSqlParserListener.cpp" />
    <ClCompile Include="..\dropdbase\GpuSqlParser\MemoryStream.cpp" />
    <ClCompile Include="..\dropdbase\ITCPWorker.cpp" />
    <ClCompile Include="..\dropdbase\messages\CSVImportMessage.pb.cc" />
    <ClCompile Include="..\dropdbase\messages\InfoMessage.pb.cc" />
    <ClCompile Include="..\dropdbase\messages\QueryMessage.pb.cc" />
    <ClCompile Include="..\dropdbase\messages\QueryResponseMessage.pb.cc" />
    <ClCompile Include="..\dropdbase\messages\SetDatabaseMessage.pb.cc" />
    <ClCompile Include="..\dropdbase\NetworkMessage.cpp" />
    <ClCompile Include="..\dropdbase\PointFactory.cpp" />
    <ClCompile Include="..\dropdbase\Table.cpp" />
    <ClCompile Include="..\dropdbase\TCPClientHandler.cpp" />
    <ClCompile Include="..\dropdbase\Types\ComplexPolygon.pb.cc" />
    <ClCompile Include="..\dropdbase\Types\Point.pb.cc" />
    <ClCompile Include="ClientHandlerTests.cpp" />
    <ClCompile Include="ColumnTests.cpp" />
    <ClCompile Include="ProtocolMessageTests.cpp" />
    <ClCompile Include="TCPServerTests.cpp" />
    <ClCompile Include="BlockTests.cpp" />
    <ClCompile Include="DatabaseTests.cpp" />
    <ClCompile Include="IILExecutorTests.cpp" />
    <ClCompile Include="TableTests.cpp" />
  </ItemGroup>
  <ItemGroup>
    <ClInclude Include="..\dropdbase\BlockBase.h" />
    <ClInclude Include="..\dropdbase\ClientPoolWorker.h" />
    <ClInclude Include="..\dropdbase\ColumnBase.h" />
    <ClInclude Include="..\dropdbase\ComplexPolygonFactory.h" />
    <ClInclude Include="..\dropdbase\Configuration.h" />
    <ClInclude Include="..\dropdbase\CSVInMemoryImporter.h" />
    <ClInclude Include="..\dropdbase\Database.h" />
    <ClInclude Include="..\dropdbase\DatabaseGenerator.h" />
    <ClInclude Include="..\dropdbase\DataType.h" />
    <ClInclude Include="..\dropdbase\DispatcherErrorCode.h" />
    <ClInclude Include="..\dropdbase\GpuSqlParser\GpuSqlCustomParser.h" />
    <ClInclude Include="..\dropdbase\GpuSqlParser\GpuSqlDispatcher.h" />
    <ClInclude Include="..\dropdbase\GpuSqlParser\GpuSqlLexer.h" />
    <ClInclude Include="..\dropdbase\GpuSqlParser\GpuSqlListener.h" />
    <ClInclude Include="..\dropdbase\GpuSqlParser\GpuSqlParser.h" />
    <ClInclude Include="..\dropdbase\GpuSqlParser\GpuSqlParserBaseListener.h" />
    <ClInclude Include="..\dropdbase\GpuSqlParser\GpuSqlParserListener.h" />
    <ClInclude Include="..\dropdbase\GpuSqlParser\MemoryStream.h" />
    <ClInclude Include="..\dropdbase\GpuSqlParser\ParserExceptions.h" />
    <ClInclude Include="..\dropdbase\GpuSqlParser\QueryType.h" />
    <ClInclude Include="..\dropdbase\IClientHandler.h" />
    <ClInclude Include="..\dropdbase\IColumn.h" />
    <ClInclude Include="..\dropdbase\ITCPWorker.h" />
    <ClInclude Include="..\dropdbase\messages\CSVImportMessage.pb.h" />
    <ClInclude Include="..\dropdbase\messages\InfoMessage.pb.h" />
    <ClInclude Include="..\dropdbase\messages\QueryMessage.pb.h" />
    <ClInclude Include="..\dropdbase\messages\QueryResponseMessage.pb.h" />
    <ClInclude Include="..\dropdbase\messages\SetDatabaseMessage.pb.h" />
    <ClInclude Include="..\dropdbase\NativeGeoPoint.h" />
    <ClInclude Include="..\dropdbase\NetworkMessage.h" />
    <ClInclude Include="..\dropdbase\PointFactory.h" />
    <ClInclude Include="..\dropdbase\QueryEngine\Context.h" />
    <ClInclude Include="..\dropdbase\QueryEngine\CudaMemAllocator.h" />
    <ClInclude Include="..\dropdbase\QueryEngine\QueryEngineError.h" />
    <ClInclude Include="..\dropdbase\Table.h" />
    <ClInclude Include="..\dropdbase\TCPClientHandler.h" />
    <ClInclude Include="..\dropdbase\TCPServer.h" />
    <ClInclude Include="..\dropdbase\Types\ComplexPolygon.pb.h" />
    <ClInclude Include="..\dropdbase\Types\Point.pb.h" />
  </ItemGroup>
  <ItemGroup>
    <None Include="..\dropdbase\QueryEngine\GPUCore\GPUAggregation.cuh" />
    <None Include="..\dropdbase\QueryEngine\GPUCore\GPUArithmetic.cuh" />
    <None Include="..\dropdbase\QueryEngine\GPUCore\GPUArithmeticConst.cuh" />
    <None Include="..\dropdbase\QueryEngine\GPUCore\GPUFilter.cuh" />
    <None Include="..\dropdbase\QueryEngine\GPUCore\GPUFilterConst.cuh" />
    <None Include="..\dropdbase\QueryEngine\GPUCore\GPUGroupBy.cuh" />
    <None Include="..\dropdbase\QueryEngine\GPUCore\GPULogic.cuh" />
    <None Include="..\dropdbase\QueryEngine\GPUCore\GPUMemory.cuh" />
    <None Include="..\dropdbase\QueryEngine\GPUCore\GPUPolygon.cuh" />
    <None Include="..\dropdbase\QueryEngine\GPUCore\GPUReconstruct.cuh" />
    <None Include="..\dropdbase\QueryEngine\GPUCore\GPUTypeWidthManip.cuh" />
    <None Include="packages.config" />
  </ItemGroup>
</Project>