<?xml version="1.0" encoding="utf-8"?>
<Project ToolsVersion="4.0" xmlns="http://schemas.microsoft.com/developer/msbuild/2003">
  <ItemGroup>
    <ClCompile Include="TableTests.cpp" />
    <ClCompile Include="ColumnTests.cpp" />
    <ClCompile Include="IILExecutorTests.cpp" />
    <ClCompile Include="..\dropdbase\BlockBase.cpp">
      <Filter>dropdbase sources</Filter>
    </ClCompile>
    <ClCompile Include="..\dropdbase\GpuSqlParser\GpuSqlCustomParser.cpp">
      <Filter>dropdbase sources</Filter>
    </ClCompile>
    <ClCompile Include="..\dropdbase\GpuSqlParser\GpuSqlLexer.cpp">
      <Filter>dropdbase sources</Filter>
    </ClCompile>
    <ClCompile Include="..\dropdbase\GpuSqlParser\GpuSqlListener.cpp">
      <Filter>dropdbase sources</Filter>
    </ClCompile>
    <ClCompile Include="..\dropdbase\GpuSqlParser\GpuSqlParser.cpp">
      <Filter>dropdbase sources</Filter>
    </ClCompile>
    <ClCompile Include="..\dropdbase\GpuSqlParser\GpuSqlParserBaseListener.cpp">
      <Filter>dropdbase sources</Filter>
    </ClCompile>
    <ClCompile Include="..\dropdbase\GpuSqlParser\GpuSqlParserListener.cpp">
      <Filter>dropdbase sources</Filter>
    </ClCompile>
    <ClCompile Include="..\dropdbase\GpuSqlParser\MemoryStream.cpp">
      <Filter>dropdbase sources</Filter>
    </ClCompile>
    <ClCompile Include="DatabaseTests.cpp" />
    <ClCompile Include="BlockTests.cpp" />
    <ClCompile Include="..\dropdbase\ColumnBase.cpp">
      <Filter>dropdbase sources</Filter>
    </ClCompile>
    <ClCompile Include="..\dropdbase\ComplexPolygonFactory.cpp">
      <Filter>dropdbase sources</Filter>
    </ClCompile>
    <ClCompile Include="..\dropdbase\Configuration.cpp">
      <Filter>dropdbase sources</Filter>
    </ClCompile>
    <ClCompile Include="..\dropdbase\Database.cpp">
      <Filter>dropdbase sources</Filter>
    </ClCompile>
    <ClCompile Include="..\dropdbase\DatabaseGenerator.cpp">
      <Filter>dropdbase sources</Filter>
    </ClCompile>
    <ClCompile Include="..\dropdbase\PointFactory.cpp">
      <Filter>dropdbase sources</Filter>
    </ClCompile>
    <ClCompile Include="..\dropdbase\Table.cpp">
      <Filter>dropdbase sources</Filter>
    </ClCompile>
    <ClCompile Include="..\dropdbase\Types\ComplexPolygon.pb.cc">
      <Filter>dropdbase sources</Filter>
    </ClCompile>
    <ClCompile Include="..\dropdbase\Types\Point.pb.cc">
      <Filter>dropdbase sources</Filter>
    </ClCompile>
    <ClCompile Include="..\dropdbase\messages\CSVImportMessage.pb.cc">
      <Filter>dropdbase sources</Filter>
    </ClCompile>
    <ClCompile Include="..\dropdbase\messages\InfoMessage.pb.cc">
      <Filter>dropdbase sources</Filter>
    </ClCompile>
    <ClCompile Include="..\dropdbase\messages\QueryMessage.pb.cc">
      <Filter>dropdbase sources</Filter>
    </ClCompile>
    <ClCompile Include="..\dropdbase\messages\QueryResponseMessage.pb.cc">
      <Filter>dropdbase sources</Filter>
    </ClCompile>
    <ClCompile Include="..\dropdbase\messages\SetDatabaseMessage.pb.cc">
      <Filter>dropdbase sources</Filter>
    </ClCompile>
  </ItemGroup>
  <ItemGroup>
    <ClInclude Include="..\dropdbase\QueryEngine\Context.h">
      <Filter>dropdbase sources</Filter>
    </ClInclude>
    <ClInclude Include="..\dropdbase\GpuSqlParser\GpuSqlCustomParser.h">
      <Filter>dropdbase sources</Filter>
    </ClInclude>
    <ClInclude Include="..\dropdbase\GpuSqlParser\GpuSqlDispatcher.h">
      <Filter>dropdbase sources</Filter>
    </ClInclude>
    <ClInclude Include="..\dropdbase\GpuSqlParser\GpuSqlLexer.h">
      <Filter>dropdbase sources</Filter>
    </ClInclude>
    <ClInclude Include="..\dropdbase\GpuSqlParser\GpuSqlListener.h">
      <Filter>dropdbase sources</Filter>
    </ClInclude>
    <ClInclude Include="..\dropdbase\QueryEngine\CudaMemAllocator.h">
      <Filter>dropdbase sources</Filter>
    </ClInclude>
    <ClInclude Include="..\dropdbase\GpuSqlParser\GpuSqlParser.h">
      <Filter>dropdbase sources</Filter>
    </ClInclude>
    <ClInclude Include="..\dropdbase\GpuSqlParser\GpuSqlParserBaseListener.h">
      <Filter>dropdbase sources</Filter>
    </ClInclude>
    <ClInclude Include="..\dropdbase\GpuSqlParser\GpuSqlParserListener.h">
      <Filter>dropdbase sources</Filter>
    </ClInclude>
    <ClInclude Include="..\dropdbase\GpuSqlParser\MemoryStream.h">
      <Filter>dropdbase sources</Filter>
    </ClInclude>
    <ClInclude Include="..\dropdbase\GpuSqlParser\ParserExceptions.h">
      <Filter>dropdbase sources</Filter>
    </ClInclude>
    <ClInclude Include="..\dropdbase\QueryEngine\QueryEngineError.h">
      <Filter>dropdbase sources</Filter>
    </ClInclude>
    <ClInclude Include="..\dropdbase\GpuSqlParser\QueryType.h">
      <Filter>dropdbase sources</Filter>
    </ClInclude>
    <ClInclude Include="..\dropdbase\BlockBase.h">
      <Filter>dropdbase sources</Filter>
    </ClInclude>
    <ClInclude Include="..\dropdbase\ColumnBase.h">
      <Filter>dropdbase sources</Filter>
    </ClInclude>
    <ClInclude Include="..\dropdbase\ComplexPolygonFactory.h">
      <Filter>dropdbase sources</Filter>
    </ClInclude>
    <ClInclude Include="..\dropdbase\Configuration.h">
      <Filter>dropdbase sources</Filter>
    </ClInclude>
    <ClInclude Include="..\dropdbase\Database.h">
      <Filter>dropdbase sources</Filter>
    </ClInclude>
    <ClInclude Include="..\dropdbase\DatabaseGenerator.h">
      <Filter>dropdbase sources</Filter>
    </ClInclude>
    <ClInclude Include="..\dropdbase\DataType.h">
      <Filter>dropdbase sources</Filter>
    </ClInclude>
    <ClInclude Include="..\dropdbase\DispatcherErrorCode.h">
      <Filter>dropdbase sources</Filter>
    </ClInclude>
    <ClInclude Include="..\dropdbase\IColumn.h">
      <Filter>dropdbase sources</Filter>
    </ClInclude>
    <ClInclude Include="..\dropdbase\NativeGeoPoint.h">
      <Filter>dropdbase sources</Filter>
    </ClInclude>
    <ClInclude Include="..\dropdbase\PointFactory.h">
      <Filter>dropdbase sources</Filter>
    </ClInclude>
    <ClInclude Include="..\dropdbase\Table.h">
      <Filter>dropdbase sources</Filter>
    </ClInclude>
    <ClInclude Include="..\dropdbase\Types\ComplexPolygon.pb.h">
      <Filter>dropdbase sources</Filter>
    </ClInclude>
    <ClInclude Include="..\dropdbase\Types\Point.pb.h">
      <Filter>dropdbase sources</Filter>
    </ClInclude>
    <ClInclude Include="..\dropdbase\messages\CSVImportMessage.pb.h">
      <Filter>dropdbase sources</Filter>
    </ClInclude>
    <ClInclude Include="..\dropdbase\messages\InfoMessage.pb.h">
      <Filter>dropdbase sources</Filter>
    </ClInclude>
    <ClInclude Include="..\dropdbase\messages\QueryMessage.pb.h">
      <Filter>dropdbase sources</Filter>
    </ClInclude>
    <ClInclude Include="..\dropdbase\messages\QueryResponseMessage.pb.h">
      <Filter>dropdbase sources</Filter>
    </ClInclude>
    <ClInclude Include="..\dropdbase\messages\SetDatabaseMessage.pb.h">
      <Filter>dropdbase sources</Filter>
    </ClInclude>
    <ClInclude Include="..\dropdbase\QueryEngine\GPUCore\ErrorFlagSwapper.h">
      <Filter>dropdbase sources</Filter>
    </ClInclude>
    <ClInclude Include="..\dropdbase\QueryEngine\GPUCore\GPULogicConst.cuh">
      <Filter>dropdbase sources</Filter>
    </ClInclude>
  </ItemGroup>
  <ItemGroup>
    <None Include="..\dropdbase\QueryEngine\GPUCore\GPUAggregation.cuh">
      <Filter>dropdbase sources</Filter>
    </None>
    <None Include="..\dropdbase\QueryEngine\GPUCore\GPUArithmetic.cuh">
      <Filter>dropdbase sources</Filter>
    </None>
    <None Include="..\dropdbase\QueryEngine\GPUCore\GPUArithmeticConst.cuh">
      <Filter>dropdbase sources</Filter>
    </None>
    <None Include="..\dropdbase\QueryEngine\GPUCore\GPUFilter.cuh">
      <Filter>dropdbase sources</Filter>
    </None>
    <None Include="..\dropdbase\QueryEngine\GPUCore\GPUFilterConst.cuh">
      <Filter>dropdbase sources</Filter>
    </None>
    <None Include="..\dropdbase\QueryEngine\GPUCore\GPUGroupBy.cuh">
      <Filter>dropdbase sources</Filter>
    </None>
    <None Include="..\dropdbase\QueryEngine\GPUCore\GPULogic.cuh">
      <Filter>dropdbase sources</Filter>
    </None>
    <None Include="..\dropdbase\QueryEngine\GPUCore\GPUMemory.cuh">
      <Filter>dropdbase sources</Filter>
    </None>
    <None Include="..\dropdbase\QueryEngine\GPUCore\GPUPolygon.cuh">
      <Filter>dropdbase sources</Filter>
    </None>
    <None Include="..\dropdbase\QueryEngine\GPUCore\GPUReconstruct.cuh">
      <Filter>dropdbase sources</Filter>
    </None>
    <None Include="..\dropdbase\QueryEngine\GPUCore\GPUTypeWidthManip.cuh">
      <Filter>dropdbase sources</Filter>
    </None>
    <None Include="packages.config">
      <Filter>dropdbase sources</Filter>
    </None>
  </ItemGroup>
  <ItemGroup>
    <CudaCompile Include="..\dropdbase\QueryEngine\CudaMemAllocator.cu">
      <Filter>dropdbase sources</Filter>
    </CudaCompile>
    <CudaCompile Include="..\dropdbase\GpuSqlParser\GpuSqlDispatcher.cpp">
      <Filter>dropdbase sources</Filter>
    </CudaCompile>
    <CudaCompile Include="GPUFilterTests.cu">
      <Filter>GPUTests</Filter>
    </CudaCompile>
    <CudaCompile Include="GPUAggregationTests.cu">
      <Filter>GPUTests</Filter>
    </CudaCompile>
  </ItemGroup>
  <ItemGroup>
    <Filter Include="dropdbase sources">
      <UniqueIdentifier>{24dab276-075c-4cef-bcf1-992519894c78}</UniqueIdentifier>
    </Filter>
    <Filter Include="GPUTests">
      <UniqueIdentifier>{9e6d175e-c1d8-4bb4-b6d1-6e62ece302b2}</UniqueIdentifier>
    </Filter>
  </ItemGroup>
</Project>